// !$*UTF8*$!
{
	archiveVersion = 1;
	classes = {
	};
	objectVersion = 50;
	objects = {

/* Begin PBXBuildFile section */
		3F12DEF2248A56C500C7590B /* AppDelegate.swift in Sources */ = {isa = PBXBuildFile; fileRef = 3F12DEF1248A56C500C7590B /* AppDelegate.swift */; };
		3F12DEF4248A56C500C7590B /* SceneDelegate.swift in Sources */ = {isa = PBXBuildFile; fileRef = 3F12DEF3248A56C500C7590B /* SceneDelegate.swift */; };
		3F12DEF6248A56C500C7590B /* ContentView.swift in Sources */ = {isa = PBXBuildFile; fileRef = 3F12DEF5248A56C500C7590B /* ContentView.swift */; };
		3F12DEF8248A56CD00C7590B /* Assets.xcassets in Resources */ = {isa = PBXBuildFile; fileRef = 3F12DEF7248A56CD00C7590B /* Assets.xcassets */; };
		3F12DEFB248A56CD00C7590B /* Preview Assets.xcassets in Resources */ = {isa = PBXBuildFile; fileRef = 3F12DEFA248A56CD00C7590B /* Preview Assets.xcassets */; };
		3F12DEFE248A56CD00C7590B /* LaunchScreen.storyboard in Resources */ = {isa = PBXBuildFile; fileRef = 3F12DEFC248A56CD00C7590B /* LaunchScreen.storyboard */; };
		3F12DF09248A56CE00C7590B /* RamenMenUITests.swift in Sources */ = {isa = PBXBuildFile; fileRef = 3F12DF08248A56CE00C7590B /* RamenMenUITests.swift */; };
/* End PBXBuildFile section */

/* Begin PBXContainerItemProxy section */
		3F12DF05248A56CE00C7590B /* PBXContainerItemProxy */ = {
			isa = PBXContainerItemProxy;
			containerPortal = 3F12DEE6248A56C500C7590B /* Project object */;
			proxyType = 1;
			remoteGlobalIDString = 3F12DEED248A56C500C7590B;
			remoteInfo = RamenMen;
		};
/* End PBXContainerItemProxy section */

/* Begin PBXFileReference section */
		3F12DEEE248A56C500C7590B /* RamenMen.app */ = {isa = PBXFileReference; explicitFileType = wrapper.application; includeInIndex = 0; path = RamenMen.app; sourceTree = BUILT_PRODUCTS_DIR; };
		3F12DEF1248A56C500C7590B /* AppDelegate.swift */ = {isa = PBXFileReference; lastKnownFileType = sourcecode.swift; path = AppDelegate.swift; sourceTree = "<group>"; };
		3F12DEF3248A56C500C7590B /* SceneDelegate.swift */ = {isa = PBXFileReference; lastKnownFileType = sourcecode.swift; path = SceneDelegate.swift; sourceTree = "<group>"; };
		3F12DEF5248A56C500C7590B /* ContentView.swift */ = {isa = PBXFileReference; lastKnownFileType = sourcecode.swift; path = ContentView.swift; sourceTree = "<group>"; };
		3F12DEF7248A56CD00C7590B /* Assets.xcassets */ = {isa = PBXFileReference; lastKnownFileType = folder.assetcatalog; path = Assets.xcassets; sourceTree = "<group>"; };
		3F12DEFA248A56CD00C7590B /* Preview Assets.xcassets */ = {isa = PBXFileReference; lastKnownFileType = folder.assetcatalog; path = "Preview Assets.xcassets"; sourceTree = "<group>"; };
		3F12DEFD248A56CD00C7590B /* Base */ = {isa = PBXFileReference; lastKnownFileType = file.storyboard; name = Base; path = Base.lproj/LaunchScreen.storyboard; sourceTree = "<group>"; };
		3F12DEFF248A56CD00C7590B /* Info.plist */ = {isa = PBXFileReference; lastKnownFileType = text.plist.xml; path = Info.plist; sourceTree = "<group>"; };
		3F12DF04248A56CE00C7590B /* RamenMenUITests.xctest */ = {isa = PBXFileReference; explicitFileType = wrapper.cfbundle; includeInIndex = 0; path = RamenMenUITests.xctest; sourceTree = BUILT_PRODUCTS_DIR; };
		3F12DF08248A56CE00C7590B /* RamenMenUITests.swift */ = {isa = PBXFileReference; lastKnownFileType = sourcecode.swift; path = RamenMenUITests.swift; sourceTree = "<group>"; };
		3F12DF0A248A56CE00C7590B /* Info.plist */ = {isa = PBXFileReference; lastKnownFileType = text.plist.xml; path = Info.plist; sourceTree = "<group>"; };
/* End PBXFileReference section */

/* Begin PBXFrameworksBuildPhase section */
		3F12DEEB248A56C500C7590B /* Frameworks */ = {
			isa = PBXFrameworksBuildPhase;
			buildActionMask = 2147483647;
			files = (
			);
			runOnlyForDeploymentPostprocessing = 0;
		};
		3F12DF01248A56CE00C7590B /* Frameworks */ = {
			isa = PBXFrameworksBuildPhase;
			buildActionMask = 2147483647;
			files = (
			);
			runOnlyForDeploymentPostprocessing = 0;
		};
/* End PBXFrameworksBuildPhase section */

/* Begin PBXGroup section */
		3F12DEE5248A56C500C7590B = {
			isa = PBXGroup;
			children = (
				3F12DEF0248A56C500C7590B /* RamenMen */,
				3F12DF07248A56CE00C7590B /* RamenMenUITests */,
				3F12DEEF248A56C500C7590B /* Products */,
			);
			sourceTree = "<group>";
		};
		3F12DEEF248A56C500C7590B /* Products */ = {
			isa = PBXGroup;
			children = (
				3F12DEEE248A56C500C7590B /* RamenMen.app */,
				3F12DF04248A56CE00C7590B /* RamenMenUITests.xctest */,
			);
			name = Products;
			sourceTree = "<group>";
		};
		3F12DEF0248A56C500C7590B /* RamenMen */ = {
			isa = PBXGroup;
			children = (
				3F12DEF1248A56C500C7590B /* AppDelegate.swift */,
				3F12DEF3248A56C500C7590B /* SceneDelegate.swift */,
				3F12DEF5248A56C500C7590B /* ContentView.swift */,
				3F12DEF7248A56CD00C7590B /* Assets.xcassets */,
				3F12DEFC248A56CD00C7590B /* LaunchScreen.storyboard */,
				3F12DEFF248A56CD00C7590B /* Info.plist */,
				3F12DEF9248A56CD00C7590B /* Preview Content */,
			);
			path = RamenMen;
			sourceTree = "<group>";
		};
		3F12DEF9248A56CD00C7590B /* Preview Content */ = {
			isa = PBXGroup;
			children = (
				3F12DEFA248A56CD00C7590B /* Preview Assets.xcassets */,
			);
			path = "Preview Content";
			sourceTree = "<group>";
		};
		3F12DF07248A56CE00C7590B /* RamenMenUITests */ = {
			isa = PBXGroup;
			children = (
				3F12DF08248A56CE00C7590B /* RamenMenUITests.swift */,
				3F12DF0A248A56CE00C7590B /* Info.plist */,
			);
			path = RamenMenUITests;
			sourceTree = "<group>";
		};
/* End PBXGroup section */

/* Begin PBXNativeTarget section */
		3F12DEED248A56C500C7590B /* RamenMen */ = {
			isa = PBXNativeTarget;
			buildConfigurationList = 3F12DF0D248A56CE00C7590B /* Build configuration list for PBXNativeTarget "RamenMen" */;
			buildPhases = (
				3F12DEEA248A56C500C7590B /* Sources */,
				3F12DEEB248A56C500C7590B /* Frameworks */,
				3F12DEEC248A56C500C7590B /* Resources */,
			);
			buildRules = (
			);
			dependencies = (
			);
			name = RamenMen;
			productName = RamenMen;
			productReference = 3F12DEEE248A56C500C7590B /* RamenMen.app */;
			productType = "com.apple.product-type.application";
		};
		3F12DF03248A56CE00C7590B /* RamenMenUITests */ = {
			isa = PBXNativeTarget;
			buildConfigurationList = 3F12DF10248A56CE00C7590B /* Build configuration list for PBXNativeTarget "RamenMenUITests" */;
			buildPhases = (
				3F12DF00248A56CE00C7590B /* Sources */,
				3F12DF01248A56CE00C7590B /* Frameworks */,
				3F12DF02248A56CE00C7590B /* Resources */,
			);
			buildRules = (
			);
			dependencies = (
				3F12DF06248A56CE00C7590B /* PBXTargetDependency */,
			);
			name = RamenMenUITests;
			productName = RamenMenUITests;
			productReference = 3F12DF04248A56CE00C7590B /* RamenMenUITests.xctest */;
			productType = "com.apple.product-type.bundle.ui-testing";
		};
/* End PBXNativeTarget section */

/* Begin PBXProject section */
		3F12DEE6248A56C500C7590B /* Project object */ = {
			isa = PBXProject;
			attributes = {
				LastSwiftUpdateCheck = 1150;
				LastUpgradeCheck = 1150;
				ORGANIZATIONNAME = "Ramen Men";
				TargetAttributes = {
					3F12DEED248A56C500C7590B = {
						CreatedOnToolsVersion = 11.5;
					};
					3F12DF03248A56CE00C7590B = {
						CreatedOnToolsVersion = 11.5;
						TestTargetID = 3F12DEED248A56C500C7590B;
					};
				};
			};
			buildConfigurationList = 3F12DEE9248A56C500C7590B /* Build configuration list for PBXProject "RamenMen" */;
			compatibilityVersion = "Xcode 9.3";
			developmentRegion = en;
			hasScannedForEncodings = 0;
			knownRegions = (
				en,
				Base,
			);
			mainGroup = 3F12DEE5248A56C500C7590B;
			productRefGroup = 3F12DEEF248A56C500C7590B /* Products */;
			projectDirPath = "";
			projectRoot = "";
			targets = (
				3F12DEED248A56C500C7590B /* RamenMen */,
				3F12DF03248A56CE00C7590B /* RamenMenUITests */,
			);
		};
/* End PBXProject section */

/* Begin PBXResourcesBuildPhase section */
		3F12DEEC248A56C500C7590B /* Resources */ = {
			isa = PBXResourcesBuildPhase;
			buildActionMask = 2147483647;
			files = (
				3F12DEFE248A56CD00C7590B /* LaunchScreen.storyboard in Resources */,
				3F12DEFB248A56CD00C7590B /* Preview Assets.xcassets in Resources */,
				3F12DEF8248A56CD00C7590B /* Assets.xcassets in Resources */,
			);
			runOnlyForDeploymentPostprocessing = 0;
		};
		3F12DF02248A56CE00C7590B /* Resources */ = {
			isa = PBXResourcesBuildPhase;
			buildActionMask = 2147483647;
			files = (
			);
			runOnlyForDeploymentPostprocessing = 0;
		};
/* End PBXResourcesBuildPhase section */

/* Begin PBXSourcesBuildPhase section */
		3F12DEEA248A56C500C7590B /* Sources */ = {
			isa = PBXSourcesBuildPhase;
			buildActionMask = 2147483647;
			files = (
				3F12DEF2248A56C500C7590B /* AppDelegate.swift in Sources */,
				3F12DEF4248A56C500C7590B /* SceneDelegate.swift in Sources */,
				3F12DEF6248A56C500C7590B /* ContentView.swift in Sources */,
			);
			runOnlyForDeploymentPostprocessing = 0;
		};
		3F12DF00248A56CE00C7590B /* Sources */ = {
			isa = PBXSourcesBuildPhase;
			buildActionMask = 2147483647;
			files = (
				3F12DF09248A56CE00C7590B /* RamenMenUITests.swift in Sources */,
			);
			runOnlyForDeploymentPostprocessing = 0;
		};
/* End PBXSourcesBuildPhase section */

/* Begin PBXTargetDependency section */
		3F12DF06248A56CE00C7590B /* PBXTargetDependency */ = {
			isa = PBXTargetDependency;
			target = 3F12DEED248A56C500C7590B /* RamenMen */;
			targetProxy = 3F12DF05248A56CE00C7590B /* PBXContainerItemProxy */;
		};
/* End PBXTargetDependency section */

/* Begin PBXVariantGroup section */
		3F12DEFC248A56CD00C7590B /* LaunchScreen.storyboard */ = {
			isa = PBXVariantGroup;
			children = (
				3F12DEFD248A56CD00C7590B /* Base */,
			);
			name = LaunchScreen.storyboard;
			sourceTree = "<group>";
		};
/* End PBXVariantGroup section */

/* Begin XCBuildConfiguration section */
		3F12DF0B248A56CE00C7590B /* Debug */ = {
			isa = XCBuildConfiguration;
			buildSettings = {
				ALWAYS_SEARCH_USER_PATHS = NO;
				CLANG_ANALYZER_NONNULL = YES;
				CLANG_ANALYZER_NUMBER_OBJECT_CONVERSION = YES_AGGRESSIVE;
				CLANG_CXX_LANGUAGE_STANDARD = "gnu++14";
				CLANG_CXX_LIBRARY = "libc++";
				CLANG_ENABLE_MODULES = YES;
				CLANG_ENABLE_OBJC_ARC = YES;
				CLANG_ENABLE_OBJC_WEAK = YES;
				CLANG_WARN_BLOCK_CAPTURE_AUTORELEASING = YES;
				CLANG_WARN_BOOL_CONVERSION = YES;
				CLANG_WARN_COMMA = YES;
				CLANG_WARN_CONSTANT_CONVERSION = YES;
				CLANG_WARN_DEPRECATED_OBJC_IMPLEMENTATIONS = YES;
				CLANG_WARN_DIRECT_OBJC_ISA_USAGE = YES_ERROR;
				CLANG_WARN_DOCUMENTATION_COMMENTS = YES;
				CLANG_WARN_EMPTY_BODY = YES;
				CLANG_WARN_ENUM_CONVERSION = YES;
				CLANG_WARN_INFINITE_RECURSION = YES;
				CLANG_WARN_INT_CONVERSION = YES;
				CLANG_WARN_NON_LITERAL_NULL_CONVERSION = YES;
				CLANG_WARN_OBJC_IMPLICIT_RETAIN_SELF = YES;
				CLANG_WARN_OBJC_LITERAL_CONVERSION = YES;
				CLANG_WARN_OBJC_ROOT_CLASS = YES_ERROR;
				CLANG_WARN_RANGE_LOOP_ANALYSIS = YES;
				CLANG_WARN_STRICT_PROTOTYPES = YES;
				CLANG_WARN_SUSPICIOUS_MOVE = YES;
				CLANG_WARN_UNGUARDED_AVAILABILITY = YES_AGGRESSIVE;
				CLANG_WARN_UNREACHABLE_CODE = YES;
				CLANG_WARN__DUPLICATE_METHOD_MATCH = YES;
				COPY_PHASE_STRIP = NO;
				DEBUG_INFORMATION_FORMAT = dwarf;
				ENABLE_STRICT_OBJC_MSGSEND = YES;
				ENABLE_TESTABILITY = YES;
				GCC_C_LANGUAGE_STANDARD = gnu11;
				GCC_DYNAMIC_NO_PIC = NO;
				GCC_NO_COMMON_BLOCKS = YES;
				GCC_OPTIMIZATION_LEVEL = 0;
				GCC_PREPROCESSOR_DEFINITIONS = (
					"DEBUG=1",
					"$(inherited)",
				);
				GCC_WARN_64_TO_32_BIT_CONVERSION = YES;
				GCC_WARN_ABOUT_RETURN_TYPE = YES_ERROR;
				GCC_WARN_UNDECLARED_SELECTOR = YES;
				GCC_WARN_UNINITIALIZED_AUTOS = YES_AGGRESSIVE;
				GCC_WARN_UNUSED_FUNCTION = YES;
				GCC_WARN_UNUSED_VARIABLE = YES;
				IPHONEOS_DEPLOYMENT_TARGET = 13.5;
				MTL_ENABLE_DEBUG_INFO = INCLUDE_SOURCE;
				MTL_FAST_MATH = YES;
				ONLY_ACTIVE_ARCH = YES;
				SDKROOT = iphoneos;
				SWIFT_ACTIVE_COMPILATION_CONDITIONS = DEBUG;
				SWIFT_OPTIMIZATION_LEVEL = "-Onone";
			};
			name = Debug;
		};
		3F12DF0C248A56CE00C7590B /* Release */ = {
			isa = XCBuildConfiguration;
			buildSettings = {
				ALWAYS_SEARCH_USER_PATHS = NO;
				CLANG_ANALYZER_NONNULL = YES;
				CLANG_ANALYZER_NUMBER_OBJECT_CONVERSION = YES_AGGRESSIVE;
				CLANG_CXX_LANGUAGE_STANDARD = "gnu++14";
				CLANG_CXX_LIBRARY = "libc++";
				CLANG_ENABLE_MODULES = YES;
				CLANG_ENABLE_OBJC_ARC = YES;
				CLANG_ENABLE_OBJC_WEAK = YES;
				CLANG_WARN_BLOCK_CAPTURE_AUTORELEASING = YES;
				CLANG_WARN_BOOL_CONVERSION = YES;
				CLANG_WARN_COMMA = YES;
				CLANG_WARN_CONSTANT_CONVERSION = YES;
				CLANG_WARN_DEPRECATED_OBJC_IMPLEMENTATIONS = YES;
				CLANG_WARN_DIRECT_OBJC_ISA_USAGE = YES_ERROR;
				CLANG_WARN_DOCUMENTATION_COMMENTS = YES;
				CLANG_WARN_EMPTY_BODY = YES;
				CLANG_WARN_ENUM_CONVERSION = YES;
				CLANG_WARN_INFINITE_RECURSION = YES;
				CLANG_WARN_INT_CONVERSION = YES;
				CLANG_WARN_NON_LITERAL_NULL_CONVERSION = YES;
				CLANG_WARN_OBJC_IMPLICIT_RETAIN_SELF = YES;
				CLANG_WARN_OBJC_LITERAL_CONVERSION = YES;
				CLANG_WARN_OBJC_ROOT_CLASS = YES_ERROR;
				CLANG_WARN_RANGE_LOOP_ANALYSIS = YES;
				CLANG_WARN_STRICT_PROTOTYPES = YES;
				CLANG_WARN_SUSPICIOUS_MOVE = YES;
				CLANG_WARN_UNGUARDED_AVAILABILITY = YES_AGGRESSIVE;
				CLANG_WARN_UNREACHABLE_CODE = YES;
				CLANG_WARN__DUPLICATE_METHOD_MATCH = YES;
				COPY_PHASE_STRIP = NO;
				DEBUG_INFORMATION_FORMAT = "dwarf-with-dsym";
				ENABLE_NS_ASSERTIONS = NO;
				ENABLE_STRICT_OBJC_MSGSEND = YES;
				GCC_C_LANGUAGE_STANDARD = gnu11;
				GCC_NO_COMMON_BLOCKS = YES;
				GCC_WARN_64_TO_32_BIT_CONVERSION = YES;
				GCC_WARN_ABOUT_RETURN_TYPE = YES_ERROR;
				GCC_WARN_UNDECLARED_SELECTOR = YES;
				GCC_WARN_UNINITIALIZED_AUTOS = YES_AGGRESSIVE;
				GCC_WARN_UNUSED_FUNCTION = YES;
				GCC_WARN_UNUSED_VARIABLE = YES;
				IPHONEOS_DEPLOYMENT_TARGET = 13.5;
				MTL_ENABLE_DEBUG_INFO = NO;
				MTL_FAST_MATH = YES;
				SDKROOT = iphoneos;
				SWIFT_COMPILATION_MODE = wholemodule;
				SWIFT_OPTIMIZATION_LEVEL = "-O";
				VALIDATE_PRODUCT = YES;
			};
			name = Release;
		};
		3F12DF0E248A56CE00C7590B /* Debug */ = {
			isa = XCBuildConfiguration;
			buildSettings = {
				ASSETCATALOG_COMPILER_APPICON_NAME = AppIcon;
				CODE_SIGN_STYLE = Automatic;
				DEVELOPMENT_ASSET_PATHS = "\"RamenMen/Preview Content\"";
				ENABLE_PREVIEWS = YES;
				INFOPLIST_FILE = RamenMen/Info.plist;
				LD_RUNPATH_SEARCH_PATHS = (
					"$(inherited)",
					"@executable_path/Frameworks",
				);
				PRODUCT_BUNDLE_IDENTIFIER = com.example.RamenMen;
				PRODUCT_NAME = "$(TARGET_NAME)";
				SWIFT_VERSION = 5.0;
				TARGETED_DEVICE_FAMILY = "1,2";
			};
			name = Debug;
		};
		3F12DF0F248A56CE00C7590B /* Release */ = {
			isa = XCBuildConfiguration;
			buildSettings = {
				ASSETCATALOG_COMPILER_APPICON_NAME = AppIcon;
				CODE_SIGN_STYLE = Automatic;
				DEVELOPMENT_ASSET_PATHS = "\"RamenMen/Preview Content\"";
				ENABLE_PREVIEWS = YES;
				INFOPLIST_FILE = RamenMen/Info.plist;
				LD_RUNPATH_SEARCH_PATHS = (
					"$(inherited)",
					"@executable_path/Frameworks",
				);
				PRODUCT_BUNDLE_IDENTIFIER = com.example.RamenMen;
				PRODUCT_NAME = "$(TARGET_NAME)";
				SWIFT_VERSION = 5.0;
				TARGETED_DEVICE_FAMILY = "1,2";
			};
			name = Release;
		};
		3F12DF11248A56CE00C7590B /* Debug */ = {
			isa = XCBuildConfiguration;
			buildSettings = {
				ALWAYS_EMBED_SWIFT_STANDARD_LIBRARIES = YES;
				CODE_SIGN_STYLE = Automatic;
				INFOPLIST_FILE = RamenMenUITests/Info.plist;
				LD_RUNPATH_SEARCH_PATHS = (
					"$(inherited)",
					"@executable_path/Frameworks",
					"@loader_path/Frameworks",
				);
				PRODUCT_BUNDLE_IDENTIFIER = com.example.RamenMenUITests;
				PRODUCT_NAME = "$(TARGET_NAME)";
				SWIFT_VERSION = 5.0;
				TARGETED_DEVICE_FAMILY = "1,2";
				TEST_TARGET_NAME = RamenMen;
			};
			name = Debug;
		};
		3F12DF12248A56CE00C7590B /* Release */ = {
			isa = XCBuildConfiguration;
			buildSettings = {
				ALWAYS_EMBED_SWIFT_STANDARD_LIBRARIES = YES;
				CODE_SIGN_STYLE = Automatic;
				INFOPLIST_FILE = RamenMenUITests/Info.plist;
				LD_RUNPATH_SEARCH_PATHS = (
					"$(inherited)",
					"@executable_path/Frameworks",
					"@loader_path/Frameworks",
				);
				PRODUCT_BUNDLE_IDENTIFIER = com.example.RamenMenUITests;
				PRODUCT_NAME = "$(TARGET_NAME)";
				SWIFT_VERSION = 5.0;
				TARGETED_DEVICE_FAMILY = "1,2";
				TEST_TARGET_NAME = RamenMen;
			};
			name = Release;
		};
/* End XCBuildConfiguration section */

/* Begin XCConfigurationList section */
		3F12DEE9248A56C500C7590B /* Build configuration list for PBXProject "RamenMen" */ = {
			isa = XCConfigurationList;
			buildConfigurations = (
				3F12DF0B248A56CE00C7590B /* Debug */,
				3F12DF0C248A56CE00C7590B /* Release */,
			);
			defaultConfigurationIsVisible = 0;
			defaultConfigurationName = Release;
		};
		3F12DF0D248A56CE00C7590B /* Build configuration list for PBXNativeTarget "RamenMen" */ = {
			isa = XCConfigurationList;
			buildConfigurations = (
				3F12DF0E248A56CE00C7590B /* Debug */,
				3F12DF0F248A56CE00C7590B /* Release */,
			);
			defaultConfigurationIsVisible = 0;
			defaultConfigurationName = Release;
		};
		3F12DF10248A56CE00C7590B /* Build configuration list for PBXNativeTarget "RamenMenUITests" */ = {
			isa = XCConfigurationList;
			buildConfigurations = (
				3F12DF11248A56CE00C7590B /* Debug */,
				3F12DF12248A56CE00C7590B /* Release */,
			);
			defaultConfigurationIsVisible = 0;
			defaultConfigurationName = Release;
		};
/* End XCConfigurationList section */
	};
	rootObject = 3F12DEE6248A56C500C7590B /* Project object */;
}
